// !$*UTF8*$!
{
	archiveVersion = 1;
	classes = {
	};
	objectVersion = 56;
	objects = {

/* Begin PBXBuildFile section */
		2A31591629081DDE009B2CCE /* Users.swift in Sources */ = {isa = PBXBuildFile; fileRef = 2A31591529081DDE009B2CCE /* Users.swift */; };
		2A32ACB829067FBE005D559C /* AppDelegate.swift in Sources */ = {isa = PBXBuildFile; fileRef = 2A32ACB729067FBE005D559C /* AppDelegate.swift */; };
		2A32ACBA29067FBE005D559C /* SceneDelegate.swift in Sources */ = {isa = PBXBuildFile; fileRef = 2A32ACB929067FBE005D559C /* SceneDelegate.swift */; };
		2A32ACBC29067FBE005D559C /* UsersViewController.swift in Sources */ = {isa = PBXBuildFile; fileRef = 2A32ACBB29067FBE005D559C /* UsersViewController.swift */; };
		2A32ACC129067FC1005D559C /* Assets.xcassets in Resources */ = {isa = PBXBuildFile; fileRef = 2A32ACC029067FC1005D559C /* Assets.xcassets */; };
		2A32ACC429067FC1005D559C /* LaunchScreen.storyboard in Resources */ = {isa = PBXBuildFile; fileRef = 2A32ACC229067FC1005D559C /* LaunchScreen.storyboard */; };
		2A32ACCC2906807E005D559C /* DetailContactViewController.swift in Sources */ = {isa = PBXBuildFile; fileRef = 2A32ACCB2906807E005D559C /* DetailContactViewController.swift */; };
		2A379A192A4B0F3B006E42C3 /* UsersViewModel.swift in Sources */ = {isa = PBXBuildFile; fileRef = 2A379A182A4B0F3B006E42C3 /* UsersViewModel.swift */; };
		2AC405FF2A800991007873CC /* Colors.xcassets in Resources */ = {isa = PBXBuildFile; fileRef = 2AC405FE2A800991007873CC /* Colors.xcassets */; };
/* End PBXBuildFile section */

/* Begin PBXFileReference section */
		2A31591529081DDE009B2CCE /* Users.swift */ = {isa = PBXFileReference; lastKnownFileType = sourcecode.swift; path = Users.swift; sourceTree = "<group>"; };
		2A32ACB429067FBE005D559C /* FetchingUsers.app */ = {isa = PBXFileReference; explicitFileType = wrapper.application; includeInIndex = 0; path = FetchingUsers.app; sourceTree = BUILT_PRODUCTS_DIR; };
		2A32ACB729067FBE005D559C /* AppDelegate.swift */ = {isa = PBXFileReference; lastKnownFileType = sourcecode.swift; path = AppDelegate.swift; sourceTree = "<group>"; };
		2A32ACB929067FBE005D559C /* SceneDelegate.swift */ = {isa = PBXFileReference; lastKnownFileType = sourcecode.swift; path = SceneDelegate.swift; sourceTree = "<group>"; };
		2A32ACBB29067FBE005D559C /* UsersViewController.swift */ = {isa = PBXFileReference; lastKnownFileType = sourcecode.swift; path = UsersViewController.swift; sourceTree = "<group>"; };
		2A32ACC029067FC1005D559C /* Assets.xcassets */ = {isa = PBXFileReference; lastKnownFileType = folder.assetcatalog; path = Assets.xcassets; sourceTree = "<group>"; };
		2A32ACC329067FC1005D559C /* Base */ = {isa = PBXFileReference; lastKnownFileType = file.storyboard; name = Base; path = Base.lproj/LaunchScreen.storyboard; sourceTree = "<group>"; };
		2A32ACC529067FC1005D559C /* Info.plist */ = {isa = PBXFileReference; lastKnownFileType = text.plist.xml; path = Info.plist; sourceTree = "<group>"; };
		2A32ACCB2906807E005D559C /* DetailContactViewController.swift */ = {isa = PBXFileReference; lastKnownFileType = sourcecode.swift; path = DetailContactViewController.swift; sourceTree = "<group>"; };
		2A379A182A4B0F3B006E42C3 /* UsersViewModel.swift */ = {isa = PBXFileReference; lastKnownFileType = sourcecode.swift; path = UsersViewModel.swift; sourceTree = "<group>"; };
		2AC405FE2A800991007873CC /* Colors.xcassets */ = {isa = PBXFileReference; lastKnownFileType = folder.assetcatalog; path = Colors.xcassets; sourceTree = "<group>"; };
/* End PBXFileReference section */

/* Begin PBXFrameworksBuildPhase section */
		2A32ACB129067FBE005D559C /* Frameworks */ = {
			isa = PBXFrameworksBuildPhase;
			buildActionMask = 2147483647;
			files = (
			);
			runOnlyForDeploymentPostprocessing = 0;
		};
/* End PBXFrameworksBuildPhase section */

/* Begin PBXGroup section */
		2A32ACAB29067FBE005D559C = {
			isa = PBXGroup;
			children = (
				2A32ACB629067FBE005D559C /* FetchingUsers */,
				2A32ACB529067FBE005D559C /* Products */,
			);
			sourceTree = "<group>";
		};
		2A32ACB529067FBE005D559C /* Products */ = {
			isa = PBXGroup;
			children = (
				2A32ACB429067FBE005D559C /* FetchingUsers.app */,
			);
			name = Products;
			sourceTree = "<group>";
		};
		2A32ACB629067FBE005D559C /* FetchingUsers */ = {
			isa = PBXGroup;
			children = (
				2AB9D0952A62D93B00E923BB /* Model */,
				2AB9D0962A62D95C00E923BB /* View */,
				2AB9D0942A62D92F00E923BB /* ViewModel */,
				2A32ACB729067FBE005D559C /* AppDelegate.swift */,
				2A32ACB929067FBE005D559C /* SceneDelegate.swift */,
				2A32ACC029067FC1005D559C /* Assets.xcassets */,
				2AC405FE2A800991007873CC /* Colors.xcassets */,
				2A32ACC229067FC1005D559C /* LaunchScreen.storyboard */,
				2A32ACC529067FC1005D559C /* Info.plist */,
			);
			path = FetchingUsers;
			sourceTree = "<group>";
		};
		2AB9D0942A62D92F00E923BB /* ViewModel */ = {
			isa = PBXGroup;
			children = (
				2A379A182A4B0F3B006E42C3 /* UsersViewModel.swift */,
			);
			path = ViewModel;
			sourceTree = "<group>";
		};
		2AB9D0952A62D93B00E923BB /* Model */ = {
			isa = PBXGroup;
			children = (
				2A31591529081DDE009B2CCE /* Users.swift */,
			);
			path = Model;
			sourceTree = "<group>";
		};
		2AB9D0962A62D95C00E923BB /* View */ = {
			isa = PBXGroup;
			children = (
				2A32ACBB29067FBE005D559C /* UsersViewController.swift */,
				2A32ACCB2906807E005D559C /* DetailContactViewController.swift */,
			);
			path = View;
			sourceTree = "<group>";
		};
/* End PBXGroup section */

/* Begin PBXNativeTarget section */
		2A32ACB329067FBE005D559C /* FetchingUsers */ = {
			isa = PBXNativeTarget;
			buildConfigurationList = 2A32ACC829067FC1005D559C /* Build configuration list for PBXNativeTarget "FetchingUsers" */;
			buildPhases = (
				2A32ACB029067FBE005D559C /* Sources */,
				2A32ACB129067FBE005D559C /* Frameworks */,
				2A32ACB229067FBE005D559C /* Resources */,
			);
			buildRules = (
			);
			dependencies = (
			);
			name = FetchingUsers;
			productName = FetchingUsers;
			productReference = 2A32ACB429067FBE005D559C /* FetchingUsers.app */;
			productType = "com.apple.product-type.application";
		};
/* End PBXNativeTarget section */

/* Begin PBXProject section */
		2A32ACAC29067FBE005D559C /* Project object */ = {
			isa = PBXProject;
			attributes = {
				BuildIndependentTargetsInParallel = 1;
				LastSwiftUpdateCheck = 1400;
				LastUpgradeCheck = 1400;
				TargetAttributes = {
					2A32ACB329067FBE005D559C = {
						CreatedOnToolsVersion = 14.0.1;
					};
				};
			};
			buildConfigurationList = 2A32ACAF29067FBE005D559C /* Build configuration list for PBXProject "FetchingUsers" */;
			compatibilityVersion = "Xcode 14.0";
			developmentRegion = en;
			hasScannedForEncodings = 0;
			knownRegions = (
				en,
				Base,
			);
			mainGroup = 2A32ACAB29067FBE005D559C;
			productRefGroup = 2A32ACB529067FBE005D559C /* Products */;
			projectDirPath = "";
			projectRoot = "";
			targets = (
				2A32ACB329067FBE005D559C /* FetchingUsers */,
			);
		};
/* End PBXProject section */

/* Begin PBXResourcesBuildPhase section */
		2A32ACB229067FBE005D559C /* Resources */ = {
			isa = PBXResourcesBuildPhase;
			buildActionMask = 2147483647;
			files = (
				2AC405FF2A800991007873CC /* Colors.xcassets in Resources */,
				2A32ACC429067FC1005D559C /* LaunchScreen.storyboard in Resources */,
				2A32ACC129067FC1005D559C /* Assets.xcassets in Resources */,
			);
			runOnlyForDeploymentPostprocessing = 0;
		};
/* End PBXResourcesBuildPhase section */

/* Begin PBXSourcesBuildPhase section */
		2A32ACB029067FBE005D559C /* Sources */ = {
			isa = PBXSourcesBuildPhase;
			buildActionMask = 2147483647;
			files = (
				2A32ACBC29067FBE005D559C /* UsersViewController.swift in Sources */,
				2A379A192A4B0F3B006E42C3 /* UsersViewModel.swift in Sources */,
				2A32ACB829067FBE005D559C /* AppDelegate.swift in Sources */,
				2A31591629081DDE009B2CCE /* Users.swift in Sources */,
				2A32ACCC2906807E005D559C /* DetailContactViewController.swift in Sources */,
				2A32ACBA29067FBE005D559C /* SceneDelegate.swift in Sources */,
			);
			runOnlyForDeploymentPostprocessing = 0;
		};
/* End PBXSourcesBuildPhase section */

/* Begin PBXVariantGroup section */
		2A32ACC229067FC1005D559C /* LaunchScreen.storyboard */ = {
			isa = PBXVariantGroup;
			children = (
				2A32ACC329067FC1005D559C /* Base */,
			);
			name = LaunchScreen.storyboard;
			sourceTree = "<group>";
		};
/* End PBXVariantGroup section */

/* Begin XCBuildConfiguration section */
		2A32ACC629067FC1005D559C /* Debug */ = {
			isa = XCBuildConfiguration;
			buildSettings = {
				ALWAYS_SEARCH_USER_PATHS = NO;
				CLANG_ANALYZER_NONNULL = YES;
				CLANG_ANALYZER_NUMBER_OBJECT_CONVERSION = YES_AGGRESSIVE;
				CLANG_CXX_LANGUAGE_STANDARD = "gnu++20";
				CLANG_ENABLE_MODULES = YES;
				CLANG_ENABLE_OBJC_ARC = YES;
				CLANG_ENABLE_OBJC_WEAK = YES;
				CLANG_WARN_BLOCK_CAPTURE_AUTORELEASING = YES;
				CLANG_WARN_BOOL_CONVERSION = YES;
				CLANG_WARN_COMMA = YES;
				CLANG_WARN_CONSTANT_CONVERSION = YES;
				CLANG_WARN_DEPRECATED_OBJC_IMPLEMENTATIONS = YES;
				CLANG_WARN_DIRECT_OBJC_ISA_USAGE = YES_ERROR;
				CLANG_WARN_DOCUMENTATION_COMMENTS = YES;
				CLANG_WARN_EMPTY_BODY = YES;
				CLANG_WARN_ENUM_CONVERSION = YES;
				CLANG_WARN_INFINITE_RECURSION = YES;
				CLANG_WARN_INT_CONVERSION = YES;
				CLANG_WARN_NON_LITERAL_NULL_CONVERSION = YES;
				CLANG_WARN_OBJC_IMPLICIT_RETAIN_SELF = YES;
				CLANG_WARN_OBJC_LITERAL_CONVERSION = YES;
				CLANG_WARN_OBJC_ROOT_CLASS = YES_ERROR;
				CLANG_WARN_QUOTED_INCLUDE_IN_FRAMEWORK_HEADER = YES;
				CLANG_WARN_RANGE_LOOP_ANALYSIS = YES;
				CLANG_WARN_STRICT_PROTOTYPES = YES;
				CLANG_WARN_SUSPICIOUS_MOVE = YES;
				CLANG_WARN_UNGUARDED_AVAILABILITY = YES_AGGRESSIVE;
				CLANG_WARN_UNREACHABLE_CODE = YES;
				CLANG_WARN__DUPLICATE_METHOD_MATCH = YES;
				COPY_PHASE_STRIP = NO;
				DEBUG_INFORMATION_FORMAT = dwarf;
				ENABLE_STRICT_OBJC_MSGSEND = YES;
				ENABLE_TESTABILITY = YES;
				GCC_C_LANGUAGE_STANDARD = gnu11;
				GCC_DYNAMIC_NO_PIC = NO;
				GCC_NO_COMMON_BLOCKS = YES;
				GCC_OPTIMIZATION_LEVEL = 0;
				GCC_PREPROCESSOR_DEFINITIONS = (
					"DEBUG=1",
					"$(inherited)",
				);
				GCC_WARN_64_TO_32_BIT_CONVERSION = YES;
				GCC_WARN_ABOUT_RETURN_TYPE = YES_ERROR;
				GCC_WARN_UNDECLARED_SELECTOR = YES;
				GCC_WARN_UNINITIALIZED_AUTOS = YES_AGGRESSIVE;
				GCC_WARN_UNUSED_FUNCTION = YES;
				GCC_WARN_UNUSED_VARIABLE = YES;
				IPHONEOS_DEPLOYMENT_TARGET = 16.0;
				MTL_ENABLE_DEBUG_INFO = INCLUDE_SOURCE;
				MTL_FAST_MATH = YES;
				ONLY_ACTIVE_ARCH = YES;
				SDKROOT = iphoneos;
				SWIFT_ACTIVE_COMPILATION_CONDITIONS = DEBUG;
				SWIFT_OPTIMIZATION_LEVEL = "-Onone";
			};
			name = Debug;
		};
		2A32ACC729067FC1005D559C /* Release */ = {
			isa = XCBuildConfiguration;
			buildSettings = {
				ALWAYS_SEARCH_USER_PATHS = NO;
				CLANG_ANALYZER_NONNULL = YES;
				CLANG_ANALYZER_NUMBER_OBJECT_CONVERSION = YES_AGGRESSIVE;
				CLANG_CXX_LANGUAGE_STANDARD = "gnu++20";
				CLANG_ENABLE_MODULES = YES;
				CLANG_ENABLE_OBJC_ARC = YES;
				CLANG_ENABLE_OBJC_WEAK = YES;
				CLANG_WARN_BLOCK_CAPTURE_AUTORELEASING = YES;
				CLANG_WARN_BOOL_CONVERSION = YES;
				CLANG_WARN_COMMA = YES;
				CLANG_WARN_CONSTANT_CONVERSION = YES;
				CLANG_WARN_DEPRECATED_OBJC_IMPLEMENTATIONS = YES;
				CLANG_WARN_DIRECT_OBJC_ISA_USAGE = YES_ERROR;
				CLANG_WARN_DOCUMENTATION_COMMENTS = YES;
				CLANG_WARN_EMPTY_BODY = YES;
				CLANG_WARN_ENUM_CONVERSION = YES;
				CLANG_WARN_INFINITE_RECURSION = YES;
				CLANG_WARN_INT_CONVERSION = YES;
				CLANG_WARN_NON_LITERAL_NULL_CONVERSION = YES;
				CLANG_WARN_OBJC_IMPLICIT_RETAIN_SELF = YES;
				CLANG_WARN_OBJC_LITERAL_CONVERSION = YES;
				CLANG_WARN_OBJC_ROOT_CLASS = YES_ERROR;
				CLANG_WARN_QUOTED_INCLUDE_IN_FRAMEWORK_HEADER = YES;
				CLANG_WARN_RANGE_LOOP_ANALYSIS = YES;
				CLANG_WARN_STRICT_PROTOTYPES = YES;
				CLANG_WARN_SUSPICIOUS_MOVE = YES;
				CLANG_WARN_UNGUARDED_AVAILABILITY = YES_AGGRESSIVE;
				CLANG_WARN_UNREACHABLE_CODE = YES;
				CLANG_WARN__DUPLICATE_METHOD_MATCH = YES;
				COPY_PHASE_STRIP = NO;
				DEBUG_INFORMATION_FORMAT = "dwarf-with-dsym";
				ENABLE_NS_ASSERTIONS = NO;
				ENABLE_STRICT_OBJC_MSGSEND = YES;
				GCC_C_LANGUAGE_STANDARD = gnu11;
				GCC_NO_COMMON_BLOCKS = YES;
				GCC_WARN_64_TO_32_BIT_CONVERSION = YES;
				GCC_WARN_ABOUT_RETURN_TYPE = YES_ERROR;
				GCC_WARN_UNDECLARED_SELECTOR = YES;
				GCC_WARN_UNINITIALIZED_AUTOS = YES_AGGRESSIVE;
				GCC_WARN_UNUSED_FUNCTION = YES;
				GCC_WARN_UNUSED_VARIABLE = YES;
				IPHONEOS_DEPLOYMENT_TARGET = 16.0;
				MTL_ENABLE_DEBUG_INFO = NO;
				MTL_FAST_MATH = YES;
				SDKROOT = iphoneos;
				SWIFT_COMPILATION_MODE = wholemodule;
				SWIFT_OPTIMIZATION_LEVEL = "-O";
				VALIDATE_PRODUCT = YES;
			};
			name = Release;
		};
		2A32ACC929067FC1005D559C /* Debug */ = {
			isa = XCBuildConfiguration;
			buildSettings = {
				ASSETCATALOG_COMPILER_APPICON_NAME = AppIcon;
				ASSETCATALOG_COMPILER_GLOBAL_ACCENT_COLOR_NAME = AccentColor;
				CODE_SIGN_STYLE = Automatic;
				CURRENT_PROJECT_VERSION = 1;
				GENERATE_INFOPLIST_FILE = YES;
				INFOPLIST_FILE = FetchingUsers/Info.plist;
				INFOPLIST_KEY_UIApplicationSupportsIndirectInputEvents = YES;
				INFOPLIST_KEY_UILaunchStoryboardName = LaunchScreen;
				INFOPLIST_KEY_UISupportedInterfaceOrientations_iPad = "UIInterfaceOrientationPortrait UIInterfaceOrientationPortraitUpsideDown UIInterfaceOrientationLandscapeLeft UIInterfaceOrientationLandscapeRight";
				INFOPLIST_KEY_UISupportedInterfaceOrientations_iPhone = "UIInterfaceOrientationPortrait UIInterfaceOrientationLandscapeLeft UIInterfaceOrientationLandscapeRight";
				LD_RUNPATH_SEARCH_PATHS = (
					"$(inherited)",
					"@executable_path/Frameworks",
				);
				MARKETING_VERSION = 1.0;
				PRODUCT_BUNDLE_IDENTIFIER = ru.sergei.anisimov.FetchingUsers;
				PRODUCT_NAME = "$(TARGET_NAME)";
				SWIFT_EMIT_LOC_STRINGS = YES;
				SWIFT_VERSION = 5.0;
				TARGETED_DEVICE_FAMILY = "1,2";
			};
			name = Debug;
		};
		2A32ACCA29067FC1005D559C /* Release */ = {
			isa = XCBuildConfiguration;
			buildSettings = {
				ASSETCATALOG_COMPILER_APPICON_NAME = AppIcon;
				ASSETCATALOG_COMPILER_GLOBAL_ACCENT_COLOR_NAME = AccentColor;
				CODE_SIGN_STYLE = Automatic;
				CURRENT_PROJECT_VERSION = 1;
				GENERATE_INFOPLIST_FILE = YES;
				INFOPLIST_FILE = FetchingUsers/Info.plist;
				INFOPLIST_KEY_UIApplicationSupportsIndirectInputEvents = YES;
				INFOPLIST_KEY_UILaunchStoryboardName = LaunchScreen;
				INFOPLIST_KEY_UISupportedInterfaceOrientations_iPad = "UIInterfaceOrientationPortrait UIInterfaceOrientationPortraitUpsideDown UIInterfaceOrientationLandscapeLeft UIInterfaceOrientationLandscapeRight";
				INFOPLIST_KEY_UISupportedInterfaceOrientations_iPhone = "UIInterfaceOrientationPortrait UIInterfaceOrientationLandscapeLeft UIInterfaceOrientationLandscapeRight";
				LD_RUNPATH_SEARCH_PATHS = (
					"$(inherited)",
					"@executable_path/Frameworks",
				);
				MARKETING_VERSION = 1.0;
				PRODUCT_BUNDLE_IDENTIFIER = ru.sergei.anisimov.FetchingUsers;
				PRODUCT_NAME = "$(TARGET_NAME)";
				SWIFT_EMIT_LOC_STRINGS = YES;
				SWIFT_VERSION = 5.0;
				TARGETED_DEVICE_FAMILY = "1,2";
			};
			name = Release;
		};
/* End XCBuildConfiguration section */

/* Begin XCConfigurationList section */
		2A32ACAF29067FBE005D559C /* Build configuration list for PBXProject "FetchingUsers" */ = {
			isa = XCConfigurationList;
			buildConfigurations = (
				2A32ACC629067FC1005D559C /* Debug */,
				2A32ACC729067FC1005D559C /* Release */,
			);
			defaultConfigurationIsVisible = 0;
			defaultConfigurationName = Release;
		};
		2A32ACC829067FC1005D559C /* Build configuration list for PBXNativeTarget "FetchingUsers" */ = {
			isa = XCConfigurationList;
			buildConfigurations = (
				2A32ACC929067FC1005D559C /* Debug */,
				2A32ACCA29067FC1005D559C /* Release */,
			);
			defaultConfigurationIsVisible = 0;
			defaultConfigurationName = Release;
		};
/* End XCConfigurationList section */
	};
	rootObject = 2A32ACAC29067FBE005D559C /* Project object */;
}
